github.com/OOrangeeee/openwechat v0.0.0-20240731174345-36253a4e96ab h1:Kw1TrmW9gesa2myOPl4Zj6BfQbbTL/eDLl3tA4crl8k=
github.com/OOrangeeee/openwechat v0.0.0-20240731174345-36253a4e96ab/go.mod h1:7id1UqxL0fWS5b1SoMuxPmDhgds8KAsifq9KB/o9fv8=
github.com/imroc/req v0.3.2 h1:M/JkeU6RPmX+WYvT2vaaOL0K+q8ufL5LxwvJc4xeB4o=
github.com/imroc/req v0.3.2/go.mod h1:F+NZ+2EFSo6EFXdeIbpfE9hcC233id70kf0byW97Caw=
